# This file is autogenerated, do not edit; changes may be undone by the next 'dep ensure'.


[[projects]]
  digest = "1:218ae0d3f01ab221e2a62493a88e72189fb4941b22f60984277c22f664d34c46"
  name = "cloud.google.com/go"
  packages = ["compute/metadata"]
  pruneopts = "NUT"
  revision = "050b16d2314d5fc3d4c9a51e4cd5c7468e77f162"
  version = "v0.17.0"

[[projects]]
  digest = "1:da314556429036001a322965147bf09bfc11604fc5cea8b93f389eaeb4133e46"
  name = "github.com/Azure/go-autorest"
  packages = [
    "autorest",
    "autorest/adal",
    "autorest/azure",
    "autorest/date",
  ]
  pruneopts = "NUT"
  revision = "1ff28809256a84bb6966640ff3d0371af82ccba4"

[[projects]]
  branch = "master"
  digest = "1:707ebe952a8b3d00b343c01536c79c73771d100f63ec6babeaed5c79e2b8a8dd"
  name = "github.com/beorn7/perks"
  packages = ["quantile"]
  pruneopts = "NUT"
  revision = "3a771d992973f24aa725d07868b467d1ddfceafb"

[[projects]]
  digest = "1:82d3ecba951974e9842e4f83defa94f7b6feb9b9ec5e07da474bac0954ffbe2e"
  name = "github.com/codegangsta/negroni"
  packages = ["."]
  pruneopts = "NUT"
  revision = "c6a59be0ce122566695fbd5e48a77f8f10c8a63a"
  version = "v1.0.0"

[[projects]]
  digest = "1:4c7a379d06f493d3cf4301a08667d9b83011a92b1d9defc7ec58a10ade19e796"
  name = "github.com/coreos/bbolt"
  packages = ["."]
  pruneopts = "NUT"
  revision = "583e8937c61f1af6513608ccc75c97b6abdf4ff9"
  version = "v1.3.0"

[[projects]]
  digest = "1:7a3075921fc5c022e8f02350758dd066ff67ac53c733b44cdd5cf0d4d88c7b2b"
  name = "github.com/coreos/etcd"
  packages = [
    "alarm",
    "auth",
    "auth/authpb",
    "client",
    "clientv3",
    "compactor",
    "discovery",
    "error",
    "etcdserver",
    "etcdserver/api",
    "etcdserver/api/v2http/httptypes",
    "etcdserver/api/v3rpc/rpctypes",
    "etcdserver/etcdserverpb",
    "etcdserver/membership",
    "etcdserver/stats",
    "lease",
    "lease/leasehttp",
    "lease/leasepb",
    "mvcc",
    "mvcc/backend",
    "mvcc/mvccpb",
    "pkg/adt",
    "pkg/contention",
    "pkg/cpuutil",
    "pkg/crc",
    "pkg/fileutil",
    "pkg/httputil",
    "pkg/idutil",
    "pkg/ioutil",
    "pkg/logutil",
    "pkg/netutil",
    "pkg/pathutil",
    "pkg/pbutil",
    "pkg/runtime",
    "pkg/schedule",
    "pkg/srv",
    "pkg/tlsutil",
    "pkg/transport",
    "pkg/types",
    "pkg/wait",
    "raft",
    "raft/raftpb",
    "rafthttp",
    "snap",
    "snap/snappb",
    "store",
    "version",
    "wal",
    "wal/walpb",
  ]
  pruneopts = "NUT"
  revision = "fca8add78a9d926166eb739b8e4a124434025ba3"
  version = "v3.3.9"

[[projects]]
  digest = "1:0ef770954bca104ee99b3b6b7f9b240605ac03517d9f98cbc1893daa03f3c038"
  name = "github.com/coreos/go-semver"
  packages = ["semver"]
  pruneopts = "NUT"
  revision = "8ab6407b697782a06568d4b7f1db25550ec2e4c6"
  version = "v0.2.0"

[[projects]]
  digest = "1:e3b55611cb86797357cc1cd2b3d38faf07ae3c4079f04b32e84d497422ab0d60"
  name = "github.com/coreos/go-systemd"
  packages = ["journal"]
  pruneopts = "NUT"
  revision = "39ca1b05acc7ad1220e09f133283b8859a8b71ab"
  version = "v17"

[[projects]]
  digest = "1:22332f13485f13511589dc1f59eb97594e8636d3606b69d172a9a85421ad465d"
  name = "github.com/coreos/pkg"
  packages = ["capnslog"]
  pruneopts = "NUT"
  revision = "97fdf19511ea361ae1c100dd393cc47f8dcfa1e1"
  version = "v4"

[[projects]]
  digest = "1:a2c1d0e43bd3baaa071d1b9ed72c27d78169b2b269f71c105ac4ba34b1be4a39"
  name = "github.com/davecgh/go-spew"
  packages = ["spew"]
  pruneopts = "NUT"
  revision = "346938d642f2ec3594ed81d874461961cd0faa76"
  version = "v1.1.0"

[[projects]]
  digest = "1:7a6852b35eb5bbc184561443762d225116ae630c26a7c4d90546619f1e7d2ad2"
  name = "github.com/dgrijalva/jwt-go"
  packages = ["."]
  pruneopts = "NUT"
  revision = "06ea1031745cb8b3dab3f6a236daf2b0aa468b7e"
  version = "v3.2.0"

[[projects]]
  digest = "1:3cabbabc9e0e4aa7e12b882bdc213f41cf8bd2b2ce2a7b5e0aceaf8a6a78049b"
  name = "github.com/docker/distribution"
  packages = [
    "digest",
    "reference",
  ]
  pruneopts = "NUT"
  revision = "48294d928ced5dd9b378f7fd7c6f5da3ff3f2c89"
  version = "v2.6.2"

[[projects]]
  digest = "1:abfe129dc92b16fbf0cc9d6336096a2823151756f62072a700eb10754141b38e"
  name = "github.com/ghodss/yaml"
  packages = ["."]
  pruneopts = "NUT"
  revision = "73d445a93680fa1a78ae23a5839bad48f32ba1ee"

[[projects]]
  branch = "v2"
  digest = "1:13e704c08924325be00f96e47e7efe0bfddf0913cdfc237423c83f9b183ff590"
  name = "github.com/go-yaml/yaml"
  packages = ["."]
  pruneopts = "NUT"
  revision = "d670f9405373e636a5a2765eea47fac0c9bc91a4"

[[projects]]
  digest = "1:b15cd9015d6ebdedb4e7f415bb9cc8870210081c256dc6c5bae2928d31f6c5ba"
  name = "github.com/gogo/protobuf"
  packages = [
    "gogoproto",
    "proto",
    "protoc-gen-gogo/descriptor",
    "sortkeys",
  ]
  pruneopts = "NUT"
  revision = "c0656edd0d9eab7c66d1eb0c568f9039345796f7"

[[projects]]
  digest = "1:78b8040ece2ff622580def2708b9eb0b2857711b6744c475439bf337e9c677ea"
  name = "github.com/golang/glog"
  packages = ["."]
  pruneopts = "NUT"
  revision = "44145f04b68cf362d9c4df2182967c2275eaefed"

[[projects]]
  digest = "1:7672c206322f45b33fac1ae2cb899263533ce0adcc6481d207725560208ec84e"
  name = "github.com/golang/groupcache"
  packages = ["lru"]
  pruneopts = "NUT"
  revision = "02826c3e79038b59d737d3b1c0a1d937f71a4433"

[[projects]]
  digest = "1:0d390d7037c2aecc37e78c2cfbe43d020d6f1fa83fd22266b7ec621189447d57"
  name = "github.com/golang/protobuf"
  packages = [
    "proto",
    "ptypes",
    "ptypes/any",
    "ptypes/duration",
    "ptypes/timestamp",
  ]
  pruneopts = "NUT"
  revision = "1643683e1b54a9e88ad26d98f81400c8c9d9f4f9"

[[projects]]
  digest = "1:38ec74012390146c45af1f92d46e5382b50531247929ff3a685d2b2be65155ac"
  name = "github.com/gomodule/redigo"
  packages = [
    "internal",
    "redis",
  ]
  pruneopts = "NUT"
  revision = "9c11da706d9b7902c6da69c592f75637793fe121"
  version = "v2.0.0"

[[projects]]
  branch = "master"
  digest = "1:245bd4eb633039cd66106a5d340ae826d87f4e36a8602fcc940e14176fd26ea7"
  name = "github.com/google/btree"
  packages = ["."]
  pruneopts = "NUT"
  revision = "e89373fe6b4a7413d7acd6da1725b83ef713e6e4"

[[projects]]
  digest = "1:2e3c336fc7fde5c984d2841455a658a6d626450b1754a854b3b32e7a8f49a07a"
  name = "github.com/google/go-cmp"
  packages = [
    "cmp",
    "cmp/internal/diff",
    "cmp/internal/function",
    "cmp/internal/value",
  ]
  pruneopts = "NUT"
  revision = "3af367b6b30c263d47e8895973edcca9a49cf029"
  version = "v0.2.0"

[[projects]]
  digest = "1:f9425215dccf1c63f659ec781ca46bc81804341821d0cd8d2459c5b58f8bd067"
  name = "github.com/google/gofuzz"
  packages = ["."]
  pruneopts = "NUT"
  revision = "44d81051d367757e1c7c6a5a86423ece9afcf63c"

[[projects]]
  digest = "1:27b4ab41ffdc76ad6db56db327a4db234a59588ef059fc3fd678ba0bc6b9094f"
  name = "github.com/googleapis/gnostic"
  packages = [
    "OpenAPIv2",
    "compiler",
    "extensions",
  ]
  pruneopts = "NUT"
  revision = "0c5108395e2debce0d731cf0287ddf7242066aba"

[[projects]]
  branch = "master"
  digest = "1:560854b2a3956bb2bbb84bbb19eb7debde62f223df4695c2ff2f456a316d36c0"
  name = "github.com/gophercloud/gophercloud"
  packages = [
    ".",
    "openstack",
    "openstack/identity/v2/tenants",
    "openstack/identity/v2/tokens",
    "openstack/identity/v3/tokens",
    "openstack/utils",
    "pagination",
  ]
  pruneopts = "NUT"
  revision = "19d3956666f33e02b023e9a2299a7d428cd9768a"

[[projects]]
  digest = "1:c01767916c59f084bb7c41a7d5877c0f3099b1595cfa066e84ec6ad6b084dd89"
  name = "github.com/gorilla/context"
  packages = ["."]
  pruneopts = "NUT"
  revision = "08b5f424b9271eedf6f9f0ce86cb9396ed337a42"
  version = "v1.1.1"

[[projects]]
  digest = "1:bf5cf1d53d703332e9bd8984c69784645b73a938317bf5ace9aadf20ac49379a"
  name = "github.com/gorilla/mux"
  packages = ["."]
  pruneopts = "NUT"
  revision = "e3702bed27f0d39777b0b37b664b6280e8ef8fbf"
  version = "v1.6.2"

[[projects]]
  branch = "master"
  digest = "1:7fdf3223c7372d1ced0b98bf53457c5e89d89aecbad9a77ba9fcc6e01f9e5621"
  name = "github.com/gregjones/httpcache"
  packages = [
    ".",
    "diskcache",
  ]
  pruneopts = "NUT"
  revision = "9cad4c3443a7200dd6400aef47183728de563a38"

[[projects]]
  digest = "1:475b179287e8afdcd352014b2c2500e67decdf63e66125e2129286873453e1cd"
  name = "github.com/hashicorp/golang-lru"
  packages = [
    ".",
    "simplelru",
  ]
  pruneopts = "NUT"
  revision = "a0d98a5f288019575c6d1f4bb1573fef2d1fcdc4"

[[projects]]
  digest = "1:8f5fa95e43ab4a43056b7b65ec1614b4440f33bbfef2fa0a4d4707aedcb1a023"
  name = "github.com/imdario/mergo"
  packages = ["."]
  pruneopts = "NUT"
  revision = "6633656539c1639d9d78127b7d47c622b5d7b6dc"

[[projects]]
  digest = "1:6b1eae4bb93e5ccd23cb09d1e005ecb391316d27701b7a5264f8555a6e2f3d87"
  name = "github.com/jonboulle/clockwork"
  packages = ["."]
  pruneopts = "NUT"
  revision = "2eee05ed794112d45db504eb05aa693efd2b8b09"
  version = "v0.1.0"

[[projects]]
  digest = "1:0243cffa4a3410f161ee613dfdd903a636d07e838a42d341da95d81f42cd1d41"
  name = "github.com/json-iterator/go"
  packages = ["."]
  pruneopts = "NUT"
  revision = "f2b4162afba35581b6d4a50d3b8f34e33c144682"

[[projects]]
  branch = "master"
  digest = "1:826576a2dbea52eb350ed5c0fd3e53f1f24cd6bdcfaf89ff89239b8cd426cd0d"
  name = "github.com/knative/caching"
  packages = [
    "pkg/apis/caching",
    "pkg/apis/caching/v1alpha1",
    "pkg/client/clientset/versioned",
    "pkg/client/clientset/versioned/scheme",
    "pkg/client/clientset/versioned/typed/caching/v1alpha1",
    "pkg/client/informers/externalversions",
    "pkg/client/informers/externalversions/caching",
    "pkg/client/informers/externalversions/caching/v1alpha1",
    "pkg/client/informers/externalversions/internalinterfaces",
    "pkg/client/listers/caching/v1alpha1",
  ]
  pruneopts = "T"
  revision = "f0d7bb60956f88d4743f5fea66b5607b96d262c9"

[[projects]]
  digest = "1:9b930cc85d6efef080023752eff8ef39acd753a3e5a32a78525b43c8918e7adb"
  name = "github.com/knative/pkg"
  packages = [
    "apis",
    "configmap",
    "controller",
    "kmeta",
    "logging",
    "logging/logkey",
    "signals",
    "test",
    "test/logging",
    "test/spoof",
  ]
  pruneopts = "NUT"
  revision = "bfddf2d91b1cab2ceae6893468e9dbd26538d640"

[[projects]]
  branch = "master"
  digest = "1:4543de04755d2d0e4eeee7bd172ea56d7ebfbca44a598cb9e0c8a4b584a3af22"
  name = "github.com/knative/test-infra"
  packages = ["."]
  pruneopts = "T"
  revision = "b5ab6fc2aa925d039b62bf9d8c8af7c4525e52be"

[[projects]]
  branch = "master"
  digest = "1:0e9bfc47ab9941ecc3344e580baca5deb4091177e84dd9773b48b38ec26b93d5"
  name = "github.com/mattbaird/jsonpatch"
  packages = ["."]
  pruneopts = "NUT"
  revision = "81af80346b1a01caae0cbc27fd3c1ba5b11e189f"

[[projects]]
  digest = "1:5985ef4caf91ece5d54817c11ea25f182697534f8ae6521eadcd628c142ac4b6"
  name = "github.com/matttproud/golang_protobuf_extensions"
  packages = ["pbutil"]
  pruneopts = "NUT"
  revision = "c12348ce28de40eed0136aa2b644d0ee0650e56c"
  version = "v1.0.1"

[[projects]]
  digest = "1:2f42fa12d6911c7b7659738758631bec870b7e9b4c6be5444f963cdcfccc191f"
  name = "github.com/modern-go/concurrent"
  packages = ["."]
  pruneopts = "NUT"
  revision = "bacd9c7ef1dd9b15be4a9909b8ac7a4e313eec94"
  version = "1.0.3"

[[projects]]
  digest = "1:c6aca19413b13dc59c220ad7430329e2ec454cc310bc6d8de2c7e2b93c18a0f6"
  name = "github.com/modern-go/reflect2"
  packages = ["."]
  pruneopts = "NUT"
  revision = "4b7aa43c6742a2c18fdef89dd197aaae7dac7ccd"
  version = "1.0.1"

[[projects]]
  branch = "master"
  digest = "1:3bf17a6e6eaa6ad24152148a631d18662f7212e21637c2699bff3369b7f00fa2"
  name = "github.com/petar/GoLLRB"
  packages = ["llrb"]
  pruneopts = "NUT"
  revision = "53be0d36a84c2a886ca057d34b6aa4468df9ccb4"

[[projects]]
  digest = "1:6c6d91dc326ed6778783cff869c49fb2f61303cdd2ebbcf90abe53505793f3b6"
  name = "github.com/peterbourgon/diskv"
  packages = ["."]
  pruneopts = "NUT"
  revision = "5f041e8faa004a95c88a202771f4cc3e991971e6"
  version = "v2.0.1"

[[projects]]
  digest = "1:03bca087b180bf24c4f9060775f137775550a0834e18f0bca0520a868679dbd7"
  name = "github.com/prometheus/client_golang"
  packages = [
    "prometheus",
    "prometheus/promhttp",
  ]
  pruneopts = "NUT"
  revision = "c5b7fccd204277076155f10851dad72b76a49317"
  version = "v0.8.0"

[[projects]]
  branch = "master"
  digest = "1:2d5cd61daa5565187e1d96bae64dbbc6080dacf741448e9629c64fd93203b0d4"
  name = "github.com/prometheus/client_model"
  packages = ["go"]
  pruneopts = "NUT"
  revision = "5c3871d89910bfb32f5fcab2aa4b9ec68e65a99f"

[[projects]]
  branch = "master"
  digest = "1:fad5a35eea6a1a33d6c8f949fbc146f24275ca809ece854248187683f52cc30b"
  name = "github.com/prometheus/common"
  packages = [
    "expfmt",
    "internal/bitbucket.org/ww/goautoneg",
    "model",
  ]
  pruneopts = "NUT"
  revision = "c7de2306084e37d54b8be01f3541a8464345e9a5"

[[projects]]
  branch = "master"
  digest = "1:6621142cd60b7150ab66f38ff36303ca55843dc5a635c1f9a28f95ecddab72b4"
  name = "github.com/prometheus/procfs"
  packages = [
    ".",
    "internal/util",
    "nfs",
    "xfs",
  ]
  pruneopts = "NUT"
  revision = "05ee40e3a273f7245e8777337fc7b46e533a9a92"

[[projects]]
  digest = "1:d917313f309bda80d27274d53985bc65651f81a5b66b820749ac7f8ef061fd04"
  name = "github.com/sergi/go-diff"
  packages = ["diffmatchpatch"]
  pruneopts = "NUT"
  revision = "1744e2970ca51c86172c8190fadad617561ed6e7"
  version = "v1.0.0"

[[projects]]
  digest = "1:15e5c398fbd9d2c439b635a08ac161b13d04f0c2aa587fe256b65dc0c3efe8b7"
  name = "github.com/spf13/pflag"
  packages = ["."]
  pruneopts = "NUT"
  revision = "583c0c0531f06d5278b7d917446061adc344b5cd"

[[projects]]
  digest = "1:919fc2a81add8ac4a7a236dceaf3e4c29ba4df96d13c3f2ce13a4d0132ebefb8"
  name = "github.com/ugorji/go"
  packages = ["codec"]
  pruneopts = "NUT"
  revision = "b4c50a2b199d93b13dc15e78929cfb23bfdf21ab"
  version = "v1.1.1"

[[projects]]
  digest = "1:e4ffb3b860a4c71f7805415b4ba1e9a27e04eb9c4c03ddd943e9ff1790eda506"
  name = "github.com/xiang90/probing"
  packages = ["."]
  pruneopts = "NUT"
  revision = "07dd2e8dfe18522e9c447ba95f2fe95262f63bb2"
  version = "0.0.1"

[[projects]]
  digest = "1:eb8c45554dc0271586e6b4d7dbbb6fc6ad5eccf2b46adde2d1274737609c2596"
  name = "github.com/xyproto/pinterface"
  packages = ["."]
  pruneopts = "NUT"
  revision = "05fa0e3080664c781c213d0a890a9d22718f7afb"
  version = "4.1"

[[projects]]
  digest = "1:a4017f498e81bc3e8c6c9821b5a65aa3b912d9534bc772a302e5c449f715e805"
  name = "github.com/xyproto/simpleredis"
  packages = ["."]
  pruneopts = "NUT"
  revision = "2f4b48d695d6f8dcd63a97c25efe3f41101e84a6"
  version = "2.4"

[[projects]]
  digest = "1:0a068b4ef25fbfb5988a1dcad677a91bbd469eb6d169d0d86fdfc3810876948b"
  name = "go.opencensus.io"
  packages = [
    ".",
    "internal",
    "internal/tagencoding",
    "stats",
    "stats/internal",
    "stats/view",
    "tag",
    "trace",
    "trace/internal",
  ]
  pruneopts = "NUT"
  revision = "7b558058b7cc960667590e5413ef55157b06652e"
  version = "v0.15.0"

[[projects]]
  digest = "1:22f696cee54865fb8e9ff91df7b633f6b8f22037a8015253c6b6a71ca82219c7"
  name = "go.uber.org/atomic"
  packages = ["."]
  pruneopts = "NUT"
  revision = "1ea20fb1cbb1cc08cbd0d913a96dead89aa18289"
  version = "v1.3.2"

[[projects]]
  digest = "1:58ca93bdf81bac106ded02226b5395a0595d5346cdc4caa8d9c1f3a5f8f9976e"
  name = "go.uber.org/multierr"
  packages = ["."]
  pruneopts = "NUT"
  revision = "3c4937480c32f4c13a875a1829af76c98ca3d40a"
  version = "v1.1.0"

[[projects]]
  digest = "1:25531f2a1f9e75b832a945c670bf84f8caf5bd0fe8d8ad5bab5f13e162680922"
  name = "go.uber.org/zap"
  packages = [
    ".",
    "buffer",
    "internal/bufferpool",
    "internal/color",
    "internal/exit",
    "zapcore",
  ]
  pruneopts = "NUT"
  revision = "eeedf312bc6c57391d84767a4cd413f02a917974"
  version = "v1.8.0"

[[projects]]
  digest = "1:7d23b292d47779a336067fed1e72c12a92c1254c26ede2906ecb39a70472e7bd"
  name = "golang.org/x/crypto"
  packages = [
    "bcrypt",
    "blowfish",
    "ssh/terminal",
  ]
  pruneopts = "NUT"
  revision = "81e90905daefcd6fd217b62423c0908922eadb30"

[[projects]]
  digest = "1:ce8a4c0642d5e3881d1970f39008477671a2a5157d051c36d1618cf6bb669556"
  name = "golang.org/x/net"
  packages = [
    "context",
    "context/ctxhttp",
    "http2",
    "http2/hpack",
    "idna",
    "internal/timeseries",
    "lex/httplex",
    "trace",
  ]
  pruneopts = "NUT"
  revision = "1c05540f6879653db88113bc4a2b70aec4bd491f"

[[projects]]
  branch = "master"
  digest = "1:6f8e4bd693b7a9c09889aed55fdeb2ce034c0862826fcd40e4929b74a409df6c"
  name = "golang.org/x/oauth2"
  packages = [
    ".",
    "google",
    "internal",
    "jws",
    "jwt",
  ]
  pruneopts = "NUT"
  revision = "30785a2c434e431ef7c507b54617d6a951d5f2b4"

[[projects]]
  digest = "1:a969921c213e6d90554219689f484043e1e897d1936e524cfbb4fd6cb8ae2736"
  name = "golang.org/x/sys"
  packages = [
    "unix",
    "windows",
  ]
  pruneopts = "NUT"
  revision = "95c6576299259db960f6c5b9b69ea52422860fce"

[[projects]]
  digest = "1:97337ef8cb438f9e3a99ea91a300e916ed9a96fbf3ad50f9a020d30ea9f8692f"
  name = "golang.org/x/text"
  packages = [
    "internal/gen",
    "internal/triegen",
    "internal/ucd",
    "secure/bidirule",
    "transform",
    "unicode/bidi",
    "unicode/cldr",
    "unicode/norm",
    "unicode/rangetable",
  ]
  pruneopts = "NUT"
  revision = "b19bf474d317b857955b12035d2c5acb57ce8b01"

[[projects]]
  branch = "master"
  digest = "1:51a479a09b7ed06b7be5a854e27fcc328718ae0e5ad159f9ddeef12d0326c2e7"
  name = "golang.org/x/time"
  packages = ["rate"]
  pruneopts = "NUT"
  revision = "26559e0f760e39c24d730d3224364aef164ee23f"

[[projects]]
  branch = "master"
  digest = "1:2c57a52b1792fad8b668be56c76a9a4959f7b665b8474cfa188c652ef1a2b82d"
  name = "golang.org/x/tools"
  packages = [
    "go/ast/astutil",
    "imports",
  ]
  pruneopts = "NUT"
  revision = "66487607e2081c7c2af2281c62c14ee000d5024b"

[[projects]]
  digest = "1:7206d98ec77c90c72ec2c405181a1dcf86965803b6dbc4f98ceab7a5047c37a9"
  name = "google.golang.org/appengine"
  packages = [
    ".",
    "internal",
    "internal/app_identity",
    "internal/base",
    "internal/datastore",
    "internal/log",
    "internal/modules",
    "internal/remote_api",
    "internal/urlfetch",
    "urlfetch",
  ]
  pruneopts = "NUT"
  revision = "150dc57a1b433e64154302bdc40b6bb8aefa313a"
  version = "v1.0.0"

[[projects]]
  branch = "master"
  digest = "1:9cc1d3de11a1b6994eb01fe3cf81db064470d0fd39a37475f53a396aa5e8622c"
  name = "google.golang.org/genproto"
  packages = ["googleapis/rpc/status"]
  pruneopts = "NUT"
  revision = "5a2fd4cab2d6d4a18e70c34937662526cd0c4bd1"

[[projects]]
  digest = "1:16b89ca20eda0a2103ea08cbe266bcb04814254dac3d5045b6ed81e4e45bddd5"
  name = "google.golang.org/grpc"
  packages = [
    ".",
    "balancer",
    "balancer/base",
    "balancer/roundrobin",
    "codes",
    "connectivity",
    "credentials",
    "encoding",
    "encoding/proto",
    "grpclog",
    "health/grpc_health_v1",
    "internal",
    "internal/backoff",
    "internal/channelz",
    "internal/envconfig",
    "internal/grpcrand",
    "internal/transport",
    "keepalive",
    "metadata",
    "naming",
    "peer",
    "resolver",
    "resolver/dns",
    "resolver/passthrough",
    "stats",
    "status",
    "tap",
  ]
  pruneopts = "NUT"
  revision = "8dea3dc473e90c8179e519d91302d0597c0ca1d1"
  version = "v1.15.0"

[[projects]]
  digest = "1:ef72505cf098abdd34efeea032103377bec06abb61d8a06f002d5d296a4b1185"
  name = "gopkg.in/inf.v0"
  packages = ["."]
  pruneopts = "NUT"
  revision = "3887ee99ecf07df5b447e9b00d9c0b2adaa9f3e4"
  version = "v0.9.0"

[[projects]]
  digest = "1:7c95b35057a0ff2e19f707173cc1a947fa43a6eb5c4d300d196ece0334046082"
  name = "gopkg.in/yaml.v2"
  packages = ["."]
  pruneopts = "NUT"
  revision = "5420a8b6744d3b0345ab293f6fcba19c978f1183"
  version = "v2.2.1"

[[projects]]
  digest = "1:5bb189391eeca2d7a48b6fc5b6121bc77aae69613ae7197bc54b5a8da2768c93"
  name = "k8s.io/api"
  packages = [
    "admission/v1beta1",
    "admissionregistration/v1alpha1",
    "admissionregistration/v1beta1",
    "apps/v1",
    "apps/v1beta1",
    "apps/v1beta2",
    "authentication/v1",
    "authentication/v1beta1",
    "authorization/v1",
    "authorization/v1beta1",
    "autoscaling/v1",
    "autoscaling/v2beta1",
    "batch/v1",
    "batch/v1beta1",
    "batch/v2alpha1",
    "certificates/v1beta1",
    "core/v1",
    "events/v1beta1",
    "extensions/v1beta1",
    "networking/v1",
    "policy/v1beta1",
    "rbac/v1",
    "rbac/v1alpha1",
    "rbac/v1beta1",
    "scheduling/v1alpha1",
    "scheduling/v1beta1",
    "settings/v1alpha1",
    "storage/v1",
    "storage/v1alpha1",
    "storage/v1beta1",
  ]
  pruneopts = "NUT"
  revision = "072894a440bdee3a891dea811fe42902311cd2a3"
  version = "kubernetes-1.11.0"

[[projects]]
  branch = "master"
  digest = "1:aff2ac035da399e2ccd6d58a0c484f87a52c82868b652397727c2ce1a3aba7f0"
  name = "k8s.io/apiextensions-apiserver"
  packages = ["pkg/features"]
  pruneopts = "NUT"
  revision = "d65f4428c04f2d28f924a47d1d2177d0cbf45a16"

[[projects]]
  digest = "1:4b0d523ee389c762d02febbcfa0734c4530ebe87abe925db18f05422adcb33e8"
  name = "k8s.io/apimachinery"
  packages = [
    "pkg/api/equality",
    "pkg/api/errors",
    "pkg/api/meta",
    "pkg/api/resource",
    "pkg/apis/meta/internalversion",
    "pkg/apis/meta/v1",
    "pkg/apis/meta/v1/unstructured",
    "pkg/apis/meta/v1beta1",
    "pkg/conversion",
    "pkg/conversion/queryparams",
    "pkg/fields",
    "pkg/labels",
    "pkg/runtime",
    "pkg/runtime/schema",
    "pkg/runtime/serializer",
    "pkg/runtime/serializer/json",
    "pkg/runtime/serializer/protobuf",
    "pkg/runtime/serializer/recognizer",
    "pkg/runtime/serializer/streaming",
    "pkg/runtime/serializer/versioning",
    "pkg/selection",
    "pkg/types",
    "pkg/util/cache",
    "pkg/util/clock",
    "pkg/util/diff",
    "pkg/util/errors",
    "pkg/util/framer",
    "pkg/util/intstr",
    "pkg/util/json",
    "pkg/util/mergepatch",
    "pkg/util/net",
    "pkg/util/runtime",
    "pkg/util/sets",
    "pkg/util/sets/types",
    "pkg/util/strategicpatch",
    "pkg/util/validation",
    "pkg/util/validation/field",
    "pkg/util/wait",
    "pkg/util/yaml",
    "pkg/version",
    "pkg/watch",
    "third_party/forked/golang/json",
    "third_party/forked/golang/reflect",
  ]
  pruneopts = "NUT"
  revision = "103fd098999dc9c0c88536f5c9ad2e5da39373ae"
  version = "kubernetes-1.11.0"

[[projects]]
  branch = "master"
  digest = "1:0453df4e78d4b7678729cdf747169c341e57039a570b0a0b0c19198c57b6ebef"
  name = "k8s.io/apiserver"
  packages = [
    "pkg/features",
    "pkg/util/feature",
  ]
  pruneopts = "NUT"
  revision = "67c89284117046b26ecd3776eed2a39289399f15"

[[projects]]
  digest = "1:cfc8072be6ac85c93c499687f89244d02a157331d20be6012323818675024367"
  name = "k8s.io/client-go"
  packages = [
    "discovery",
    "discovery/fake",
    "informers",
    "informers/admissionregistration",
    "informers/admissionregistration/v1alpha1",
    "informers/admissionregistration/v1beta1",
    "informers/apps",
    "informers/apps/v1",
    "informers/apps/v1beta1",
    "informers/apps/v1beta2",
    "informers/autoscaling",
    "informers/autoscaling/v1",
    "informers/autoscaling/v2beta1",
    "informers/batch",
    "informers/batch/v1",
    "informers/batch/v1beta1",
    "informers/batch/v2alpha1",
    "informers/certificates",
    "informers/certificates/v1beta1",
    "informers/core",
    "informers/core/v1",
    "informers/events",
    "informers/events/v1beta1",
    "informers/extensions",
    "informers/extensions/v1beta1",
    "informers/internalinterfaces",
    "informers/networking",
    "informers/networking/v1",
    "informers/policy",
    "informers/policy/v1beta1",
    "informers/rbac",
    "informers/rbac/v1",
    "informers/rbac/v1alpha1",
    "informers/rbac/v1beta1",
    "informers/scheduling",
    "informers/scheduling/v1alpha1",
    "informers/scheduling/v1beta1",
    "informers/settings",
    "informers/settings/v1alpha1",
    "informers/storage",
    "informers/storage/v1",
    "informers/storage/v1alpha1",
    "informers/storage/v1beta1",
    "kubernetes",
    "kubernetes/fake",
    "kubernetes/scheme",
    "kubernetes/typed/admissionregistration/v1alpha1",
    "kubernetes/typed/admissionregistration/v1alpha1/fake",
    "kubernetes/typed/admissionregistration/v1beta1",
    "kubernetes/typed/admissionregistration/v1beta1/fake",
    "kubernetes/typed/apps/v1",
    "kubernetes/typed/apps/v1/fake",
    "kubernetes/typed/apps/v1beta1",
    "kubernetes/typed/apps/v1beta1/fake",
    "kubernetes/typed/apps/v1beta2",
    "kubernetes/typed/apps/v1beta2/fake",
    "kubernetes/typed/authentication/v1",
    "kubernetes/typed/authentication/v1/fake",
    "kubernetes/typed/authentication/v1beta1",
    "kubernetes/typed/authentication/v1beta1/fake",
    "kubernetes/typed/authorization/v1",
    "kubernetes/typed/authorization/v1/fake",
    "kubernetes/typed/authorization/v1beta1",
    "kubernetes/typed/authorization/v1beta1/fake",
    "kubernetes/typed/autoscaling/v1",
    "kubernetes/typed/autoscaling/v1/fake",
    "kubernetes/typed/autoscaling/v2beta1",
    "kubernetes/typed/autoscaling/v2beta1/fake",
    "kubernetes/typed/batch/v1",
    "kubernetes/typed/batch/v1/fake",
    "kubernetes/typed/batch/v1beta1",
    "kubernetes/typed/batch/v1beta1/fake",
    "kubernetes/typed/batch/v2alpha1",
    "kubernetes/typed/batch/v2alpha1/fake",
    "kubernetes/typed/certificates/v1beta1",
    "kubernetes/typed/certificates/v1beta1/fake",
    "kubernetes/typed/core/v1",
    "kubernetes/typed/core/v1/fake",
    "kubernetes/typed/events/v1beta1",
    "kubernetes/typed/events/v1beta1/fake",
    "kubernetes/typed/extensions/v1beta1",
    "kubernetes/typed/extensions/v1beta1/fake",
    "kubernetes/typed/networking/v1",
    "kubernetes/typed/networking/v1/fake",
    "kubernetes/typed/policy/v1beta1",
    "kubernetes/typed/policy/v1beta1/fake",
    "kubernetes/typed/rbac/v1",
    "kubernetes/typed/rbac/v1/fake",
    "kubernetes/typed/rbac/v1alpha1",
    "kubernetes/typed/rbac/v1alpha1/fake",
    "kubernetes/typed/rbac/v1beta1",
    "kubernetes/typed/rbac/v1beta1/fake",
    "kubernetes/typed/scheduling/v1alpha1",
    "kubernetes/typed/scheduling/v1alpha1/fake",
    "kubernetes/typed/scheduling/v1beta1",
    "kubernetes/typed/scheduling/v1beta1/fake",
    "kubernetes/typed/settings/v1alpha1",
    "kubernetes/typed/settings/v1alpha1/fake",
    "kubernetes/typed/storage/v1",
    "kubernetes/typed/storage/v1/fake",
    "kubernetes/typed/storage/v1alpha1",
    "kubernetes/typed/storage/v1alpha1/fake",
    "kubernetes/typed/storage/v1beta1",
    "kubernetes/typed/storage/v1beta1/fake",
    "listers/admissionregistration/v1alpha1",
    "listers/admissionregistration/v1beta1",
    "listers/apps/v1",
    "listers/apps/v1beta1",
    "listers/apps/v1beta2",
    "listers/autoscaling/v1",
    "listers/autoscaling/v2beta1",
    "listers/batch/v1",
    "listers/batch/v1beta1",
    "listers/batch/v2alpha1",
    "listers/certificates/v1beta1",
    "listers/core/v1",
    "listers/events/v1beta1",
    "listers/extensions/v1beta1",
    "listers/networking/v1",
    "listers/policy/v1beta1",
    "listers/rbac/v1",
    "listers/rbac/v1alpha1",
    "listers/rbac/v1beta1",
    "listers/scheduling/v1alpha1",
    "listers/scheduling/v1beta1",
    "listers/settings/v1alpha1",
    "listers/storage/v1",
    "listers/storage/v1alpha1",
    "listers/storage/v1beta1",
    "pkg/apis/clientauthentication",
    "pkg/apis/clientauthentication/v1alpha1",
    "pkg/apis/clientauthentication/v1beta1",
    "pkg/version",
    "plugin/pkg/client/auth",
    "plugin/pkg/client/auth/azure",
    "plugin/pkg/client/auth/exec",
    "plugin/pkg/client/auth/gcp",
    "plugin/pkg/client/auth/oidc",
    "plugin/pkg/client/auth/openstack",
    "rest",
    "rest/watch",
    "testing",
    "third_party/forked/golang/template",
    "tools/auth",
    "tools/cache",
    "tools/clientcmd",
    "tools/clientcmd/api",
    "tools/clientcmd/api/latest",
    "tools/clientcmd/api/v1",
    "tools/metrics",
    "tools/pager",
    "tools/record",
    "tools/reference",
    "transport",
    "util/buffer",
    "util/cert",
    "util/connrotation",
    "util/flowcontrol",
    "util/homedir",
    "util/integer",
    "util/jsonpath",
    "util/retry",
    "util/workqueue",
  ]
  pruneopts = "NUT"
  revision = "7d04d0e2a0a1a4d4a1cd6baa432a2301492e4e65"
  version = "kubernetes-1.11.0"

[[projects]]
  digest = "1:8ab487a323486c8bbbaa3b689850487fdccc6cbea8690620e083b2d230a4447e"
  name = "k8s.io/code-generator"
  packages = [
    "cmd/client-gen",
    "cmd/client-gen/args",
    "cmd/client-gen/generators",
    "cmd/client-gen/generators/fake",
    "cmd/client-gen/generators/scheme",
    "cmd/client-gen/generators/util",
    "cmd/client-gen/path",
    "cmd/client-gen/types",
    "cmd/deepcopy-gen",
    "cmd/deepcopy-gen/args",
    "cmd/defaulter-gen",
    "cmd/defaulter-gen/args",
    "cmd/informer-gen",
    "cmd/informer-gen/args",
    "cmd/informer-gen/generators",
    "cmd/lister-gen",
    "cmd/lister-gen/args",
    "cmd/lister-gen/generators",
    "pkg/util",
  ]
  pruneopts = "T"
  revision = "6702109cc68eb6fe6350b83e14407c8d7309fd1a"
  version = "kubernetes-1.11.0"

[[projects]]
  branch = "master"
  digest = "1:e2844a79caf5a09550077b6f468f4a5e9a5d5a241e34555f2da692064e742184"
  name = "k8s.io/gengo"
  packages = [
    "args",
    "examples/deepcopy-gen/generators",
    "examples/defaulter-gen/generators",
    "examples/set-gen/sets",
    "generator",
    "namer",
    "parser",
    "types",
  ]
  pruneopts = "NUT"
  revision = "8394c995ab8fbe52216f38d0e1a37de36d820528"

[[projects]]
  digest = "1:7d46c560bdf2e3d01268acf4f376480124d40718bebd4e7ed8f1eedc372480cf"
  name = "k8s.io/kube-openapi"
  packages = ["pkg/util/proto"]
  pruneopts = "NUT"
  revision = "39a7bf85c140f972372c2a0d1ee40adbf0c8bfe1"

[[projects]]
  digest = "1:cc9baeaf368ade83006e8e9b9b64d1acb53cf6cc32746875dd332b4af162ab07"
  name = "k8s.io/kubernetes"
  packages = [
    "pkg/api/legacyscheme",
    "pkg/api/ref",
    "pkg/apis/admissionregistration",
    "pkg/apis/admissionregistration/install",
    "pkg/apis/admissionregistration/v1alpha1",
    "pkg/apis/admissionregistration/v1beta1",
    "pkg/apis/apps",
    "pkg/apis/apps/install",
    "pkg/apis/apps/v1",
    "pkg/apis/apps/v1beta1",
    "pkg/apis/apps/v1beta2",
    "pkg/apis/authentication",
    "pkg/apis/authentication/install",
    "pkg/apis/authentication/v1",
    "pkg/apis/authentication/v1beta1",
    "pkg/apis/authorization",
    "pkg/apis/authorization/install",
    "pkg/apis/authorization/v1",
    "pkg/apis/authorization/v1beta1",
    "pkg/apis/autoscaling",
    "pkg/apis/autoscaling/install",
    "pkg/apis/autoscaling/v1",
    "pkg/apis/autoscaling/v2beta1",
    "pkg/apis/batch",
    "pkg/apis/batch/install",
    "pkg/apis/batch/v1",
    "pkg/apis/batch/v1beta1",
    "pkg/apis/batch/v2alpha1",
    "pkg/apis/certificates",
    "pkg/apis/certificates/install",
    "pkg/apis/certificates/v1beta1",
    "pkg/apis/componentconfig",
    "pkg/apis/componentconfig/install",
    "pkg/apis/componentconfig/v1alpha1",
    "pkg/apis/core",
    "pkg/apis/core/install",
    "pkg/apis/core/v1",
    "pkg/apis/events",
    "pkg/apis/events/install",
    "pkg/apis/events/v1beta1",
    "pkg/apis/extensions",
    "pkg/apis/extensions/install",
    "pkg/apis/extensions/v1beta1",
    "pkg/apis/networking",
    "pkg/apis/networking/install",
    "pkg/apis/networking/v1",
    "pkg/apis/policy",
    "pkg/apis/policy/install",
    "pkg/apis/policy/v1beta1",
    "pkg/apis/rbac",
    "pkg/apis/rbac/install",
    "pkg/apis/rbac/v1",
    "pkg/apis/rbac/v1alpha1",
    "pkg/apis/rbac/v1beta1",
    "pkg/apis/scheduling",
    "pkg/apis/scheduling/install",
    "pkg/apis/scheduling/v1alpha1",
    "pkg/apis/scheduling/v1beta1",
    "pkg/apis/settings",
    "pkg/apis/settings/install",
    "pkg/apis/settings/v1alpha1",
    "pkg/apis/storage",
    "pkg/apis/storage/install",
    "pkg/apis/storage/v1",
    "pkg/apis/storage/v1alpha1",
    "pkg/apis/storage/v1beta1",
    "pkg/client/clientset_generated/internalclientset",
    "pkg/client/clientset_generated/internalclientset/scheme",
    "pkg/client/clientset_generated/internalclientset/typed/admissionregistration/internalversion",
    "pkg/client/clientset_generated/internalclientset/typed/apps/internalversion",
    "pkg/client/clientset_generated/internalclientset/typed/authentication/internalversion",
    "pkg/client/clientset_generated/internalclientset/typed/authorization/internalversion",
    "pkg/client/clientset_generated/internalclientset/typed/autoscaling/internalversion",
    "pkg/client/clientset_generated/internalclientset/typed/batch/internalversion",
    "pkg/client/clientset_generated/internalclientset/typed/certificates/internalversion",
    "pkg/client/clientset_generated/internalclientset/typed/core/internalversion",
    "pkg/client/clientset_generated/internalclientset/typed/events/internalversion",
    "pkg/client/clientset_generated/internalclientset/typed/extensions/internalversion",
    "pkg/client/clientset_generated/internalclientset/typed/networking/internalversion",
    "pkg/client/clientset_generated/internalclientset/typed/policy/internalversion",
    "pkg/client/clientset_generated/internalclientset/typed/rbac/internalversion",
    "pkg/client/clientset_generated/internalclientset/typed/scheduling/internalversion",
    "pkg/client/clientset_generated/internalclientset/typed/settings/internalversion",
    "pkg/client/clientset_generated/internalclientset/typed/storage/internalversion",
    "pkg/features",
    "pkg/kubelet/apis",
    "pkg/master/ports",
    "pkg/util/parsers",
    "pkg/util/pointer",
    "third_party/forked/etcd221/pkg/fileutil",
    "third_party/forked/etcd221/wal",
  ]
  pruneopts = "NUT"
  revision = "a4529464e4629c21224b3d52edfe0ea91b072862"
  version = "v1.11.3"

[solve-meta]
  analyzer-name = "dep"
  analyzer-version = 1
  input-imports = [
    "github.com/codegangsta/negroni",
    "github.com/coreos/etcd/clientv3",
    "github.com/coreos/etcd/etcdserver",
    "github.com/coreos/etcd/etcdserver/etcdserverpb",
    "github.com/coreos/etcd/etcdserver/membership",
    "github.com/coreos/etcd/mvcc/backend",
    "github.com/coreos/etcd/mvcc/mvccpb",
    "github.com/coreos/etcd/pkg/pbutil",
    "github.com/coreos/etcd/pkg/types",
    "github.com/coreos/etcd/raft/raftpb",
    "github.com/coreos/etcd/snap",
    "github.com/coreos/etcd/store",
    "github.com/coreos/etcd/wal",
    "github.com/coreos/etcd/wal/walpb",
    "github.com/coreos/go-semver/semver",
    "github.com/davecgh/go-spew/spew",
    "github.com/go-yaml/yaml",
    "github.com/gogo/protobuf/proto",
    "github.com/golang/glog",
    "github.com/google/go-cmp/cmp",
    "github.com/gorilla/mux",
    "github.com/knative/caching/pkg/apis/caching",
    "github.com/knative/caching/pkg/apis/caching/v1alpha1",
    "github.com/knative/caching/pkg/client/clientset/versioned",
    "github.com/knative/caching/pkg/client/informers/externalversions",
    "github.com/knative/caching/pkg/client/informers/externalversions/caching/v1alpha1",
    "github.com/knative/caching/pkg/client/listers/caching/v1alpha1",
    "github.com/knative/pkg/configmap",
    "github.com/knative/pkg/controller",
    "github.com/knative/pkg/kmeta",
    "github.com/knative/pkg/logging",
    "github.com/knative/pkg/logging/logkey",
    "github.com/knative/pkg/signals",
    "github.com/knative/pkg/test",
    "github.com/knative/test-infra",
    "github.com/mattbaird/jsonpatch",
    "github.com/prometheus/client_golang/prometheus",
    "github.com/prometheus/client_golang/prometheus/promhttp",
    "github.com/prometheus/client_model/go",
    "github.com/prometheus/common/expfmt",
    "github.com/sergi/go-diff/diffmatchpatch",
    "github.com/spf13/pflag",
    "github.com/xyproto/simpleredis",
    "go.uber.org/zap",
    "golang.org/x/net/context",
    "k8s.io/api/admission/v1beta1",
    "k8s.io/api/admissionregistration/v1beta1",
    "k8s.io/api/core/v1",
    "k8s.io/api/extensions/v1beta1",
    "k8s.io/apimachinery/pkg/api/errors",
    "k8s.io/apimachinery/pkg/apis/meta/v1",
    "k8s.io/apimachinery/pkg/fields",
    "k8s.io/apimachinery/pkg/labels",
    "k8s.io/apimachinery/pkg/runtime",
    "k8s.io/apimachinery/pkg/runtime/schema",
    "k8s.io/apimachinery/pkg/runtime/serializer",
    "k8s.io/apimachinery/pkg/types",
    "k8s.io/apimachinery/pkg/util/runtime",
    "k8s.io/apimachinery/pkg/util/sets/types",
    "k8s.io/apimachinery/pkg/util/wait",
    "k8s.io/apimachinery/pkg/watch",
    "k8s.io/client-go/discovery",
    "k8s.io/client-go/discovery/fake",
    "k8s.io/client-go/informers",
    "k8s.io/client-go/kubernetes",
    "k8s.io/client-go/kubernetes/fake",
    "k8s.io/client-go/kubernetes/scheme",
    "k8s.io/client-go/kubernetes/typed/admissionregistration/v1beta1",
    "k8s.io/client-go/kubernetes/typed/core/v1",
    "k8s.io/client-go/plugin/pkg/client/auth",
    "k8s.io/client-go/plugin/pkg/client/auth/gcp",
    "k8s.io/client-go/rest",
    "k8s.io/client-go/testing",
    "k8s.io/client-go/tools/cache",
    "k8s.io/client-go/tools/clientcmd",
    "k8s.io/client-go/tools/clientcmd/api",
    "k8s.io/client-go/tools/record",
    "k8s.io/client-go/util/flowcontrol",
    "k8s.io/client-go/util/workqueue",
    "k8s.io/code-generator/cmd/client-gen",
    "k8s.io/code-generator/cmd/deepcopy-gen",
    "k8s.io/code-generator/cmd/defaulter-gen",
    "k8s.io/code-generator/cmd/informer-gen",
    "k8s.io/code-generator/cmd/lister-gen",
    "k8s.io/kubernetes/pkg/api/legacyscheme",
    "k8s.io/kubernetes/pkg/apis/core",
    "k8s.io/kubernetes/pkg/apis/core/install",
    "k8s.io/kubernetes/pkg/client/clientset_generated/internalclientset",
    "k8s.io/kubernetes/third_party/forked/etcd221/wal",
  ]
  solver-name = "gps-cdcl"
  solver-version = 1
